dependencies:
  common-tags: 1.8.0
devDependencies:
  '@types/common-tags': 1.8.0
  '@types/jquery': 3.3.35
  '@types/node': 13.13.2
  '@types/through2': 2.0.34
  ts-node: 8.9.0_typescript@3.8.3
  tsconfig: 7.0.0
  tsconfig-paths: 3.9.0
  typescript: 3.8.3
lockfileVersion: 5.1
packages:
  /@types/common-tags/1.8.0:
    dev: true
    resolution:
      integrity: sha512-htRqZr5qn8EzMelhX/Xmx142z218lLyGaeZ3YR8jlze4TATRU9huKKvuBmAJEW4LCC4pnY1N6JAm6p85fMHjhg==
  /@types/jquery/3.3.35:
    dependencies:
      '@types/sizzle': 2.3.2
    dev: true
    resolution:
      integrity: sha512-pnIELWhHXJ7RgoFylhiTxD+96QlKBJfEx8JCLj963/dh7zBOKFkZ6rlNqbaCcn2JZrsAxCI8WhgRXznBx2iDsA==
  /@types/json5/0.0.29:
    dev: true
    resolution:
      integrity: sha1-7ihweulOEdK4J7y+UnC86n8+ce4=
  /@types/node/13.13.1:
    dev: true
    resolution:
      integrity: sha512-uysqysLJ+As9jqI5yqjwP3QJrhOcUwBjHUlUxPxjbplwKoILvXVsmYWEhfmAQlrPfbRZmhJB007o4L9sKqtHqQ==
  /@types/node/13.13.2:
    dev: true
    resolution:
      integrity: sha512-LB2R1Oyhpg8gu4SON/mfforE525+Hi/M1ineICEDftqNVTyFg1aRIeGuTvXAoWHc4nbrFncWtJgMmoyRvuGh7A==
  /@types/sizzle/2.3.2:
    dev: true
    resolution:
      integrity: sha512-7EJYyKTL7tFR8+gDbB6Wwz/arpGa0Mywk1TJbNzKzHtzbwVmY4HR9WqS5VV7dsBUKQmPNr192jHr/VpBluj/hg==
  /@types/strip-bom/3.0.0:
    dev: true
    resolution:
      integrity: sha1-FKjsOVbC6B7bdSB5CuzyHCkK69I=
  /@types/strip-json-comments/0.0.30:
    dev: true
    resolution:
      integrity: sha512-7NQmHra/JILCd1QqpSzl8+mJRc8ZHz3uDm8YV1Ks9IhK0epEiTw8aIErbvH9PI+6XbqhyIQy3462nEsn7UVzjQ==
  /@types/through2/2.0.34:
    dependencies:
      '@types/node': 13.13.1
    dev: true
    resolution:
      integrity: sha512-nhRG8+RuG/L+0fAZBQYaRflXKjTrHOKH8MFTChnf+dNVMxA3wHYYrfj0tztK0W51ABXjGfRCDc0vRkecCOrsow==
  /arg/4.1.3:
    dev: true
    resolution:
      integrity: sha512-58S9QDqG0Xx27YwPSt9fJxivjYl432YCwfDMfZ+71RAqUrZef7LrKQZ3LHLOwCS4FLNBplP533Zx895SeOCHvA==
  /buffer-from/1.1.1:
    dev: true
    resolution:
      integrity: sha512-MQcXEUbCKtEo7bhqEs6560Hyd4XaovZlO/k9V3hjVUF/zwW7KBVdSK4gIt/bzwS9MbR5qob+F5jusZsb0YQK2A==
  /common-tags/1.8.0:
    dev: false
    engines:
      node: '>=4.0.0'
    resolution:
      integrity: sha512-6P6g0uetGpW/sdyUy/iQQCbFF0kWVMSIVSyYz7Zgjcgh8mgw8PQzDNZeyZ5DQ2gM7LBoZPHmnjz8rUthkBG5tw==
  /diff/4.0.2:
    dev: true
    engines:
      node: '>=0.3.1'
    resolution:
      integrity: sha512-58lmxKSA4BNyLz+HHMUzlOEpg09FV+ev6ZMe3vJihgdxzgcwZ8VoEEPmALCZG9LmqfVoNMMKpttIYTVG6uDY7A==
  /json5/1.0.1:
    dependencies:
      minimist: 1.2.5
    dev: true
    hasBin: true
    resolution:
      integrity: sha512-aKS4WQjPenRxiQsC93MNfjx+nbF4PAdYzmd/1JIj8HYzqfbu86beTuNgXDzPknWk0n0uARlyewZo4s++ES36Ow==
  /make-error/1.3.6:
    dev: true
    resolution:
      integrity: sha512-s8UhlNe7vPKomQhC1qFelMokr/Sc3AgNbso3n74mVPA5LTZwkB9NlXf4XPamLxJE8h0gh73rM94xvwRT2CVInw==
  /minimist/1.2.5:
    dev: true
    resolution:
      integrity: sha512-FM9nNUYrRBAELZQT3xeZQ7fmMOBg6nWNmJKTcgsJeaLstP/UODVpGsr5OhXhhXg6f+qtJ8uiZ+PUxkDWcgIXLw==
  /source-map-support/0.5.18:
    dependencies:
      buffer-from: 1.1.1
      source-map: 0.6.1
    dev: true
    resolution:
      integrity: sha512-9luZr/BZ2QeU6tO2uG8N2aZpVSli4TSAOAqFOyTO51AJcD9P99c0K1h6dD6r6qo5dyT44BR5exweOaLLeldTkQ==
  /source-map/0.6.1:
    dev: true
    engines:
      node: '>=0.10.0'
    resolution:
      integrity: sha512-UjgapumWlbMhkBgzT7Ykc5YXUT46F0iKu8SGXq0bcwP5dz/h0Plj6enJqjz1Zbq2l5WaqYnrVbwWOWMyF3F47g==
  /strip-bom/3.0.0:
    dev: true
    engines:
      node: '>=4'
    resolution:
      integrity: sha1-IzTBjpx1n3vdVv3vfprj1YjmjtM=
  /strip-json-comments/2.0.1:
    dev: true
    engines:
      node: '>=0.10.0'
    resolution:
      integrity: sha1-PFMZQukIwml8DsNEhYwobHygpgo=
  /ts-node/8.9.0_typescript@3.8.3:
    dependencies:
      arg: 4.1.3
      diff: 4.0.2
      make-error: 1.3.6
      source-map-support: 0.5.18
      typescript: 3.8.3
      yn: 3.1.1
    dev: true
    engines:
      node: '>=6.0.0'
    hasBin: true
    peerDependencies:
      typescript: '>=2.7'
    resolution:
      integrity: sha512-rwkXfOs9zmoHrV8xE++dmNd6ZIS+nmHHCxcV53ekGJrxFLMbp+pizpPS07ARvhwneCIECPppOwbZHvw9sQtU4w==
  /tsconfig-paths/3.9.0:
    dependencies:
      '@types/json5': 0.0.29
      json5: 1.0.1
      minimist: 1.2.5
      strip-bom: 3.0.0
    dev: true
    resolution:
      integrity: sha512-dRcuzokWhajtZWkQsDVKbWyY+jgcLC5sqJhg2PSgf4ZkH2aHPvaOY8YWGhmjb68b5qqTfasSsDO9k7RUiEmZAw==
  /tsconfig/7.0.0:
    dependencies:
      '@types/strip-bom': 3.0.0
      '@types/strip-json-comments': 0.0.30
      strip-bom: 3.0.0
      strip-json-comments: 2.0.1
    dev: true
    resolution:
      integrity: sha512-vZXmzPrL+EmC4T/4rVlT2jNVMWCi/O4DIiSj3UHg1OE5kCKbk4mfrXc6dZksLgRM/TZlKnousKH9bbTazUWRRw==
  /typescript/3.8.3:
    dev: true
    engines:
      node: '>=4.2.0'
    hasBin: true
    resolution:
      integrity: sha512-MYlEfn5VrLNsgudQTVJeNaQFUAI7DkhnOjdpAp4T+ku1TfQClewlbSuTVHiA+8skNBgaf02TL/kLOvig4y3G8w==
  /yn/3.1.1:
    dev: true
    engines:
      node: '>=6'
    resolution:
      integrity: sha512-Ux4ygGWsu2c7isFWe8Yu1YluJmqVhxqK2cLXNQA5AcC3QfbGNpM7fu0Y8b/z16pXLnFxZYvWhd3fhBY9DLmC6Q==
specifiers:
  '@types/common-tags': ^1.8.0
  '@types/jquery': ^3.3.35
  '@types/node': ^13.13.2
  '@types/through2': ^2.0.34
  common-tags: ^1.8.0
  ts-node: ^8.5.4
  tsconfig: ^7.0.0
  tsconfig-paths: ^3.9.0
  typescript: ^3.7.5
